
Microsoft Visual Studio Solution File, Format Version 12.00
# Visual Studio Version 17
VisualStudioVersion = 17.6.33815.320
MinimumVisualStudioVersion = 10.0.40219.1
Project("{FAE04EC0-301F-11D3-BF4B-00C04F79EFBC}") = "Commercial_automation_project1", "Commercial_automation_project1.csproj", "{063A18BD-4ADA-412B-99BA-4B27D77647B7}"
EndProject
Global
	GlobalSection(SolutionConfigurationPlatforms) = preSolution
		Debug|Any CPU = Debug|Any CPU
		Release|Any CPU = Release|Any CPU
	EndGlobalSection
	GlobalSection(ProjectConfigurationPlatforms) = postSolution
		{063A18BD-4ADA-412B-99BA-4B27D77647B7}.Debug|Any CPU.ActiveCfg = Debug|Any CPU
		{063A18BD-4ADA-412B-99BA-4B27D77647B7}.Debug|Any CPU.Build.0 = Debug|Any CPU
		{063A18BD-4ADA-412B-99BA-4B27D77647B7}.Release|Any CPU.ActiveCfg = Release|Any CPU
		{063A18BD-4ADA-412B-99BA-4B27D77647B7}.Release|Any CPU.Build.0 = Release|Any CPU
	EndGlobalSection
	GlobalSection(SolutionProperties) = preSolution
		HideSolutionNode = FALSE
	EndGlobalSection
	GlobalSection(ExtensibilityGlobals) = postSolution
		SolutionGuid = {AF47BEC8-5A92-4DDC-AC73-E7E2DDADC5FC}
	EndGlobalSection
EndGlobal
